
Microsoft Visual Studio Solution File, Format Version 12.00
# Visual Studio Version 17
VisualStudioVersion = 17.7.34018.315
MinimumVisualStudioVersion = 10.0.40219.1
Project("{9A19103F-16F7-4668-BE54-9A1E7A4F7556}") = "MailZort", "MailZort\MailZort.csproj", "{82FE5834-2A2E-4CCA-BC5E-97363A91BF7B}"
EndProject
Project("{2150E333-8FDC-42A3-9474-1A3956D46DE8}") = "configs", "configs", "{41010DBF-F524-4581-BF72-6EC2D2E038D4}"
	ProjectSection(SolutionItems) = preProject
		.github\dependabot.yml = .github\dependabot.yml
		.github\workflows\main.yml = .github\workflows\main.yml
	EndProjectSection
EndProject
Global
	GlobalSection(SolutionConfigurationPlatforms) = preSolution
		Debug|Any CPU = Debug|Any CPU
		Debug|x86 = Debug|x86
		Release|Any CPU = Release|Any CPU
		Release|x86 = Release|x86
	EndGlobalSection
	GlobalSection(ProjectConfigurationPlatforms) = postSolution
		{82FE5834-2A2E-4CCA-BC5E-97363A91BF7B}.Debug|Any CPU.ActiveCfg = Debug|Any CPU
		{82FE5834-2A2E-4CCA-BC5E-97363A91BF7B}.Debug|Any CPU.Build.0 = Debug|Any CPU
		{82FE5834-2A2E-4CCA-BC5E-97363A91BF7B}.Debug|x86.ActiveCfg = Debug|Any CPU
		{82FE5834-2A2E-4CCA-BC5E-97363A91BF7B}.Debug|x86.Build.0 = Debug|Any CPU
		{82FE5834-2A2E-4CCA-BC5E-97363A91BF7B}.Release|Any CPU.ActiveCfg = Release|Any CPU
		{82FE5834-2A2E-4CCA-BC5E-97363A91BF7B}.Release|Any CPU.Build.0 = Release|Any CPU
		{82FE5834-2A2E-4CCA-BC5E-97363A91BF7B}.Release|x86.ActiveCfg = Release|Any CPU
		{82FE5834-2A2E-4CCA-BC5E-97363A91BF7B}.Release|x86.Build.0 = Release|Any CPU
	EndGlobalSection
	GlobalSection(SolutionProperties) = preSolution
		HideSolutionNode = FALSE
	EndGlobalSection
	GlobalSection(ExtensibilityGlobals) = postSolution
		SolutionGuid = {021C780B-F274-4B6C-88BC-DE7F8A88EC33}
	EndGlobalSection
EndGlobal
